
Microsoft Visual Studio Solution File, Format Version 12.00
# Visual Studio Version 18
VisualStudioVersion = 18.0.11222.15
MinimumVisualStudioVersion = 10.0.40219.1
Project("{FAE04EC0-301F-11D3-BF4B-00C04F79EFBC}") = "Day1", "Day1\Day1.csproj", "{8134F538-0B47-49DB-88C2-7F3B244CF1C3}"
EndProject
Project("{FAE04EC0-301F-11D3-BF4B-00C04F79EFBC}") = "Day2", "Day2\Day2.csproj", "{8CAB0D86-1944-3217-0369-BEEA92F5DAFB}"
EndProject
Project("{FAE04EC0-301F-11D3-BF4B-00C04F79EFBC}") = "Day3", "Day3\Day3.csproj", "{06DAEF29-AFA7-2E6E-511B-F76E55C60EC4}"
EndProject
Project("{FAE04EC0-301F-11D3-BF4B-00C04F79EFBC}") = "Day4", "Day4\Day4.csproj", "{D9D5C5C0-33DC-A088-2ECC-59A33C93B73C}"
EndProject
Project("{FAE04EC0-301F-11D3-BF4B-00C04F79EFBC}") = "Day5", "Day5\Day5.csproj", "{62AB3765-75FE-F50F-419D-7448EC8BC649}"
EndProject
Project("{FAE04EC0-301F-11D3-BF4B-00C04F79EFBC}") = "Day6", "Day6\Day6.csproj", "{E06A0F6D-85D8-C858-AFA3-5DF0D68F7FCF}"
EndProject
Project("{FAE04EC0-301F-11D3-BF4B-00C04F79EFBC}") = "Day7", "Day7\Day7.csproj", "{DC489FC1-80F4-E43C-CA74-5D0D7B85D2D2}"
EndProject
Project("{FAE04EC0-301F-11D3-BF4B-00C04F79EFBC}") = "Day8", "Day8\Day8.csproj", "{66B0B017-2F2D-121D-A7D4-78AF4AA669CC}"
EndProject
Project("{FAE04EC0-301F-11D3-BF4B-00C04F79EFBC}") = "Day9", "Day9\Day9.csproj", "{D6B49F9C-6693-8504-AB93-67119F9FEFC7}"
EndProject
Project("{FAE04EC0-301F-11D3-BF4B-00C04F79EFBC}") = "Day10", "Day10\Day10.csproj", "{ED7BA45B-7E29-7DA6-D775-71BB00021BF4}"
EndProject
Project("{FAE04EC0-301F-11D3-BF4B-00C04F79EFBC}") = "Day11", "Day11\Day11.csproj", "{5ABBC634-5636-5F99-1C90-53DDE08328BE}"
EndProject
Project("{FAE04EC0-301F-11D3-BF4B-00C04F79EFBC}") = "Day12", "Day12\Day12.csproj", "{6F4E91A2-7BAD-206D-BAD6-4A5318FC153C}"
EndProject
Global
	GlobalSection(SolutionConfigurationPlatforms) = preSolution
		Debug|Any CPU = Debug|Any CPU
		Release|Any CPU = Release|Any CPU
	EndGlobalSection
	GlobalSection(ProjectConfigurationPlatforms) = postSolution
		{8134F538-0B47-49DB-88C2-7F3B244CF1C3}.Debug|Any CPU.ActiveCfg = Debug|Any CPU
		{8134F538-0B47-49DB-88C2-7F3B244CF1C3}.Debug|Any CPU.Build.0 = Debug|Any CPU
		{8134F538-0B47-49DB-88C2-7F3B244CF1C3}.Release|Any CPU.ActiveCfg = Release|Any CPU
		{8134F538-0B47-49DB-88C2-7F3B244CF1C3}.Release|Any CPU.Build.0 = Release|Any CPU
		{8CAB0D86-1944-3217-0369-BEEA92F5DAFB}.Debug|Any CPU.ActiveCfg = Debug|Any CPU
		{8CAB0D86-1944-3217-0369-BEEA92F5DAFB}.Debug|Any CPU.Build.0 = Debug|Any CPU
		{8CAB0D86-1944-3217-0369-BEEA92F5DAFB}.Release|Any CPU.ActiveCfg = Release|Any CPU
		{8CAB0D86-1944-3217-0369-BEEA92F5DAFB}.Release|Any CPU.Build.0 = Release|Any CPU
		{06DAEF29-AFA7-2E6E-511B-F76E55C60EC4}.Debug|Any CPU.ActiveCfg = Debug|Any CPU
		{06DAEF29-AFA7-2E6E-511B-F76E55C60EC4}.Debug|Any CPU.Build.0 = Debug|Any CPU
		{06DAEF29-AFA7-2E6E-511B-F76E55C60EC4}.Release|Any CPU.ActiveCfg = Release|Any CPU
		{06DAEF29-AFA7-2E6E-511B-F76E55C60EC4}.Release|Any CPU.Build.0 = Release|Any CPU
		{D9D5C5C0-33DC-A088-2ECC-59A33C93B73C}.Debug|Any CPU.ActiveCfg = Debug|Any CPU
		{D9D5C5C0-33DC-A088-2ECC-59A33C93B73C}.Debug|Any CPU.Build.0 = Debug|Any CPU
		{D9D5C5C0-33DC-A088-2ECC-59A33C93B73C}.Release|Any CPU.ActiveCfg = Release|Any CPU
		{D9D5C5C0-33DC-A088-2ECC-59A33C93B73C}.Release|Any CPU.Build.0 = Release|Any CPU
		{62AB3765-75FE-F50F-419D-7448EC8BC649}.Debug|Any CPU.ActiveCfg = Debug|Any CPU
		{62AB3765-75FE-F50F-419D-7448EC8BC649}.Debug|Any CPU.Build.0 = Debug|Any CPU
		{62AB3765-75FE-F50F-419D-7448EC8BC649}.Release|Any CPU.ActiveCfg = Release|Any CPU
		{62AB3765-75FE-F50F-419D-7448EC8BC649}.Release|Any CPU.Build.0 = Release|Any CPU
		{E06A0F6D-85D8-C858-AFA3-5DF0D68F7FCF}.Debug|Any CPU.ActiveCfg = Debug|Any CPU
		{E06A0F6D-85D8-C858-AFA3-5DF0D68F7FCF}.Debug|Any CPU.Build.0 = Debug|Any CPU
		{E06A0F6D-85D8-C858-AFA3-5DF0D68F7FCF}.Release|Any CPU.ActiveCfg = Release|Any CPU
		{E06A0F6D-85D8-C858-AFA3-5DF0D68F7FCF}.Release|Any CPU.Build.0 = Release|Any CPU
		{DC489FC1-80F4-E43C-CA74-5D0D7B85D2D2}.Debug|Any CPU.ActiveCfg = Debug|Any CPU
		{DC489FC1-80F4-E43C-CA74-5D0D7B85D2D2}.Debug|Any CPU.Build.0 = Debug|Any CPU
		{DC489FC1-80F4-E43C-CA74-5D0D7B85D2D2}.Release|Any CPU.ActiveCfg = Release|Any CPU
		{DC489FC1-80F4-E43C-CA74-5D0D7B85D2D2}.Release|Any CPU.Build.0 = Release|Any CPU
		{66B0B017-2F2D-121D-A7D4-78AF4AA669CC}.Debug|Any CPU.ActiveCfg = Debug|Any CPU
		{66B0B017-2F2D-121D-A7D4-78AF4AA669CC}.Debug|Any CPU.Build.0 = Debug|Any CPU
		{66B0B017-2F2D-121D-A7D4-78AF4AA669CC}.Release|Any CPU.ActiveCfg = Release|Any CPU
		{66B0B017-2F2D-121D-A7D4-78AF4AA669CC}.Release|Any CPU.Build.0 = Release|Any CPU
		{D6B49F9C-6693-8504-AB93-67119F9FEFC7}.Debug|Any CPU.ActiveCfg = Debug|Any CPU
		{D6B49F9C-6693-8504-AB93-67119F9FEFC7}.Debug|Any CPU.Build.0 = Debug|Any CPU
		{D6B49F9C-6693-8504-AB93-67119F9FEFC7}.Release|Any CPU.ActiveCfg = Release|Any CPU
		{D6B49F9C-6693-8504-AB93-67119F9FEFC7}.Release|Any CPU.Build.0 = Release|Any CPU
		{ED7BA45B-7E29-7DA6-D775-71BB00021BF4}.Debug|Any CPU.ActiveCfg = Debug|Any CPU
		{ED7BA45B-7E29-7DA6-D775-71BB00021BF4}.Debug|Any CPU.Build.0 = Debug|Any CPU
		{ED7BA45B-7E29-7DA6-D775-71BB00021BF4}.Release|Any CPU.ActiveCfg = Release|Any CPU
		{ED7BA45B-7E29-7DA6-D775-71BB00021BF4}.Release|Any CPU.Build.0 = Release|Any CPU
		{5ABBC634-5636-5F99-1C90-53DDE08328BE}.Debug|Any CPU.ActiveCfg = Debug|Any CPU
		{5ABBC634-5636-5F99-1C90-53DDE08328BE}.Debug|Any CPU.Build.0 = Debug|Any CPU
		{5ABBC634-5636-5F99-1C90-53DDE08328BE}.Release|Any CPU.ActiveCfg = Release|Any CPU
		{5ABBC634-5636-5F99-1C90-53DDE08328BE}.Release|Any CPU.Build.0 = Release|Any CPU
		{6F4E91A2-7BAD-206D-BAD6-4A5318FC153C}.Debug|Any CPU.ActiveCfg = Debug|Any CPU
		{6F4E91A2-7BAD-206D-BAD6-4A5318FC153C}.Debug|Any CPU.Build.0 = Debug|Any CPU
		{6F4E91A2-7BAD-206D-BAD6-4A5318FC153C}.Release|Any CPU.ActiveCfg = Release|Any CPU
		{6F4E91A2-7BAD-206D-BAD6-4A5318FC153C}.Release|Any CPU.Build.0 = Release|Any CPU
	EndGlobalSection
	GlobalSection(SolutionProperties) = preSolution
		HideSolutionNode = FALSE
	EndGlobalSection
	GlobalSection(ExtensibilityGlobals) = postSolution
		SolutionGuid = {29D76044-84B2-4ABA-916B-4089D32D2B5C}
	EndGlobalSection
EndGlobal
